// !$*UTF8*$!
{
	archiveVersion = 1;
	classes = {
	};
	objectVersion = 55;
	objects = {

/* Begin PBXBuildFile section */
		14C807E85523A676A626C86E /* Pods_Practice_SwiftUI2.framework in Frameworks */ = {isa = PBXBuildFile; fileRef = 05E5E9093FEC81F601C46257 /* Pods_Practice_SwiftUI2.framework */; };
		D4A0DD5127D6DEA500F109F9 /* Practice_SwiftUI2App.swift in Sources */ = {isa = PBXBuildFile; fileRef = D4A0DD5027D6DEA500F109F9 /* Practice_SwiftUI2App.swift */; };
		D4A0DD5327D6DEA500F109F9 /* ContentView.swift in Sources */ = {isa = PBXBuildFile; fileRef = D4A0DD5227D6DEA500F109F9 /* ContentView.swift */; };
		D4A0DD5527D6DEA700F109F9 /* Assets.xcassets in Resources */ = {isa = PBXBuildFile; fileRef = D4A0DD5427D6DEA700F109F9 /* Assets.xcassets */; };
		D4A0DD5827D6DEA700F109F9 /* Preview Assets.xcassets in Resources */ = {isa = PBXBuildFile; fileRef = D4A0DD5727D6DEA700F109F9 /* Preview Assets.xcassets */; };
		D4A0DD6527D6EB2D00F109F9 /* UserModel.swift in Sources */ = {isa = PBXBuildFile; fileRef = D4A0DD6427D6EB2D00F109F9 /* UserModel.swift */; };
		D4A0DD6927D6F0ED00F109F9 /* URLImage in Frameworks */ = {isa = PBXBuildFile; productRef = D4A0DD6827D6F0ED00F109F9 /* URLImage */; };
		D4A0DD6B27D6F0ED00F109F9 /* URLImageStore in Frameworks */ = {isa = PBXBuildFile; productRef = D4A0DD6A27D6F0ED00F109F9 /* URLImageStore */; };
		D4A0DD6D27D6F17500F109F9 /* UserViewModel.swift in Sources */ = {isa = PBXBuildFile; fileRef = D4A0DD6C27D6F17500F109F9 /* UserViewModel.swift */; };
		D4A0DD6F27D6F1E700F109F9 /* ProfileImageView.swift in Sources */ = {isa = PBXBuildFile; fileRef = D4A0DD6E27D6F1E700F109F9 /* ProfileImageView.swift */; };
		D4A0DD7227D6F54800F109F9 /* RandomUserView.swift in Sources */ = {isa = PBXBuildFile; fileRef = D4A0DD7127D6F54800F109F9 /* RandomUserView.swift */; };
		D4A0DD7527D722F400F109F9 /* RandomUserRouter.swift in Sources */ = {isa = PBXBuildFile; fileRef = D4A0DD7427D722F400F109F9 /* RandomUserRouter.swift */; };
/* End PBXBuildFile section */

/* Begin PBXFileReference section */
		05E5E9093FEC81F601C46257 /* Pods_Practice_SwiftUI2.framework */ = {isa = PBXFileReference; explicitFileType = wrapper.framework; includeInIndex = 0; path = Pods_Practice_SwiftUI2.framework; sourceTree = BUILT_PRODUCTS_DIR; };
		C9FEC42C739FCDFC81C978E5 /* Pods-Practice_SwiftUI2.debug.xcconfig */ = {isa = PBXFileReference; includeInIndex = 1; lastKnownFileType = text.xcconfig; name = "Pods-Practice_SwiftUI2.debug.xcconfig"; path = "Target Support Files/Pods-Practice_SwiftUI2/Pods-Practice_SwiftUI2.debug.xcconfig"; sourceTree = "<group>"; };
		D4A0DD4D27D6DEA500F109F9 /* Practice_SwiftUI2.app */ = {isa = PBXFileReference; explicitFileType = wrapper.application; includeInIndex = 0; path = Practice_SwiftUI2.app; sourceTree = BUILT_PRODUCTS_DIR; };
		D4A0DD5027D6DEA500F109F9 /* Practice_SwiftUI2App.swift */ = {isa = PBXFileReference; lastKnownFileType = sourcecode.swift; path = Practice_SwiftUI2App.swift; sourceTree = "<group>"; };
		D4A0DD5227D6DEA500F109F9 /* ContentView.swift */ = {isa = PBXFileReference; lastKnownFileType = sourcecode.swift; path = ContentView.swift; sourceTree = "<group>"; };
		D4A0DD5427D6DEA700F109F9 /* Assets.xcassets */ = {isa = PBXFileReference; lastKnownFileType = folder.assetcatalog; path = Assets.xcassets; sourceTree = "<group>"; };
		D4A0DD5727D6DEA700F109F9 /* Preview Assets.xcassets */ = {isa = PBXFileReference; lastKnownFileType = folder.assetcatalog; path = "Preview Assets.xcassets"; sourceTree = "<group>"; };
		D4A0DD6427D6EB2D00F109F9 /* UserModel.swift */ = {isa = PBXFileReference; lastKnownFileType = sourcecode.swift; path = UserModel.swift; sourceTree = "<group>"; };
		D4A0DD6C27D6F17500F109F9 /* UserViewModel.swift */ = {isa = PBXFileReference; lastKnownFileType = sourcecode.swift; path = UserViewModel.swift; sourceTree = "<group>"; };
		D4A0DD6E27D6F1E700F109F9 /* ProfileImageView.swift */ = {isa = PBXFileReference; lastKnownFileType = sourcecode.swift; path = ProfileImageView.swift; sourceTree = "<group>"; };
		D4A0DD7127D6F54800F109F9 /* RandomUserView.swift */ = {isa = PBXFileReference; lastKnownFileType = sourcecode.swift; path = RandomUserView.swift; sourceTree = "<group>"; };
		D4A0DD7427D722F400F109F9 /* RandomUserRouter.swift */ = {isa = PBXFileReference; lastKnownFileType = sourcecode.swift; path = RandomUserRouter.swift; sourceTree = "<group>"; };
		F91C8249008A6C4B149EEC96 /* Pods-Practice_SwiftUI2.release.xcconfig */ = {isa = PBXFileReference; includeInIndex = 1; lastKnownFileType = text.xcconfig; name = "Pods-Practice_SwiftUI2.release.xcconfig"; path = "Target Support Files/Pods-Practice_SwiftUI2/Pods-Practice_SwiftUI2.release.xcconfig"; sourceTree = "<group>"; };
/* End PBXFileReference section */

/* Begin PBXFrameworksBuildPhase section */
		D4A0DD4A27D6DEA500F109F9 /* Frameworks */ = {
			isa = PBXFrameworksBuildPhase;
			buildActionMask = 2147483647;
			files = (
				D4A0DD6B27D6F0ED00F109F9 /* URLImageStore in Frameworks */,
				D4A0DD6927D6F0ED00F109F9 /* URLImage in Frameworks */,
				14C807E85523A676A626C86E /* Pods_Practice_SwiftUI2.framework in Frameworks */,
			);
			runOnlyForDeploymentPostprocessing = 0;
		};
/* End PBXFrameworksBuildPhase section */

/* Begin PBXGroup section */
		3649F659B90F97F3A2312C94 /* Frameworks */ = {
			isa = PBXGroup;
			children = (
				05E5E9093FEC81F601C46257 /* Pods_Practice_SwiftUI2.framework */,
			);
			name = Frameworks;
			sourceTree = "<group>";
		};
		A762EEB2191EED2160DB0062 /* Pods */ = {
			isa = PBXGroup;
			children = (
				C9FEC42C739FCDFC81C978E5 /* Pods-Practice_SwiftUI2.debug.xcconfig */,
				F91C8249008A6C4B149EEC96 /* Pods-Practice_SwiftUI2.release.xcconfig */,
			);
			path = Pods;
			sourceTree = "<group>";
		};
		D4A0DD4427D6DEA500F109F9 = {
			isa = PBXGroup;
			children = (
				D4A0DD4F27D6DEA500F109F9 /* Practice_SwiftUI2 */,
				D4A0DD4E27D6DEA500F109F9 /* Products */,
				A762EEB2191EED2160DB0062 /* Pods */,
				3649F659B90F97F3A2312C94 /* Frameworks */,
			);
			sourceTree = "<group>";
		};
		D4A0DD4E27D6DEA500F109F9 /* Products */ = {
			isa = PBXGroup;
			children = (
				D4A0DD4D27D6DEA500F109F9 /* Practice_SwiftUI2.app */,
			);
			name = Products;
			sourceTree = "<group>";
		};
		D4A0DD4F27D6DEA500F109F9 /* Practice_SwiftUI2 */ = {
			isa = PBXGroup;
			children = (
				D4A0DD7327D722E700F109F9 /* API */,
				D4A0DD7027D6F1EE00F109F9 /* UI */,
				D4A0DD5027D6DEA500F109F9 /* Practice_SwiftUI2App.swift */,
				D4A0DD5227D6DEA500F109F9 /* ContentView.swift */,
				D4A0DD6C27D6F17500F109F9 /* UserViewModel.swift */,
				D4A0DD6427D6EB2D00F109F9 /* UserModel.swift */,
				D4A0DD5427D6DEA700F109F9 /* Assets.xcassets */,
				D4A0DD5627D6DEA700F109F9 /* Preview Content */,
			);
			path = Practice_SwiftUI2;
			sourceTree = "<group>";
		};
		D4A0DD5627D6DEA700F109F9 /* Preview Content */ = {
			isa = PBXGroup;
			children = (
				D4A0DD5727D6DEA700F109F9 /* Preview Assets.xcassets */,
			);
			path = "Preview Content";
			sourceTree = "<group>";
		};
		D4A0DD7027D6F1EE00F109F9 /* UI */ = {
			isa = PBXGroup;
			children = (
				D4A0DD6E27D6F1E700F109F9 /* ProfileImageView.swift */,
				D4A0DD7127D6F54800F109F9 /* RandomUserView.swift */,
			);
			path = UI;
			sourceTree = "<group>";
		};
		D4A0DD7327D722E700F109F9 /* API */ = {
			isa = PBXGroup;
			children = (
				D4A0DD7427D722F400F109F9 /* RandomUserRouter.swift */,
			);
			path = API;
			sourceTree = "<group>";
		};
/* End PBXGroup section */

/* Begin PBXNativeTarget section */
		D4A0DD4C27D6DEA500F109F9 /* Practice_SwiftUI2 */ = {
			isa = PBXNativeTarget;
			buildConfigurationList = D4A0DD5B27D6DEA700F109F9 /* Build configuration list for PBXNativeTarget "Practice_SwiftUI2" */;
			buildPhases = (
				D420A2F904DF09FD5E2C12EB /* [CP] Check Pods Manifest.lock */,
				D4A0DD4927D6DEA500F109F9 /* Sources */,
				D4A0DD4A27D6DEA500F109F9 /* Frameworks */,
				D4A0DD4B27D6DEA500F109F9 /* Resources */,
				51AF8E9495D998A2E6C01B87 /* [CP] Embed Pods Frameworks */,
			);
			buildRules = (
			);
			dependencies = (
			);
			name = Practice_SwiftUI2;
			packageProductDependencies = (
				D4A0DD6827D6F0ED00F109F9 /* URLImage */,
				D4A0DD6A27D6F0ED00F109F9 /* URLImageStore */,
			);
			productName = Practice_SwiftUI2;
			productReference = D4A0DD4D27D6DEA500F109F9 /* Practice_SwiftUI2.app */;
			productType = "com.apple.product-type.application";
		};
/* End PBXNativeTarget section */

/* Begin PBXProject section */
		D4A0DD4527D6DEA500F109F9 /* Project object */ = {
			isa = PBXProject;
			attributes = {
				BuildIndependentTargetsInParallel = 1;
				LastSwiftUpdateCheck = 1320;
				LastUpgradeCheck = 1320;
				TargetAttributes = {
					D4A0DD4C27D6DEA500F109F9 = {
						CreatedOnToolsVersion = 13.2.1;
					};
				};
			};
			buildConfigurationList = D4A0DD4827D6DEA500F109F9 /* Build configuration list for PBXProject "Practice_SwiftUI2" */;
			compatibilityVersion = "Xcode 13.0";
			developmentRegion = en;
			hasScannedForEncodings = 0;
			knownRegions = (
				en,
				Base,
			);
			mainGroup = D4A0DD4427D6DEA500F109F9;
			packageReferences = (
				D4A0DD6727D6F0ED00F109F9 /* XCRemoteSwiftPackageReference "url-image" */,
			);
			productRefGroup = D4A0DD4E27D6DEA500F109F9 /* Products */;
			projectDirPath = "";
			projectRoot = "";
			targets = (
				D4A0DD4C27D6DEA500F109F9 /* Practice_SwiftUI2 */,
			);
		};
/* End PBXProject section */

/* Begin PBXResourcesBuildPhase section */
		D4A0DD4B27D6DEA500F109F9 /* Resources */ = {
			isa = PBXResourcesBuildPhase;
			buildActionMask = 2147483647;
			files = (
				D4A0DD5827D6DEA700F109F9 /* Preview Assets.xcassets in Resources */,
				D4A0DD5527D6DEA700F109F9 /* Assets.xcassets in Resources */,
			);
			runOnlyForDeploymentPostprocessing = 0;
		};
/* End PBXResourcesBuildPhase section */

/* Begin PBXShellScriptBuildPhase section */
		51AF8E9495D998A2E6C01B87 /* [CP] Embed Pods Frameworks */ = {
			isa = PBXShellScriptBuildPhase;
			buildActionMask = 2147483647;
			files = (
			);
			inputFileListPaths = (
				"${PODS_ROOT}/Target Support Files/Pods-Practice_SwiftUI2/Pods-Practice_SwiftUI2-frameworks-${CONFIGURATION}-input-files.xcfilelist",
			);
			name = "[CP] Embed Pods Frameworks";
			outputFileListPaths = (
				"${PODS_ROOT}/Target Support Files/Pods-Practice_SwiftUI2/Pods-Practice_SwiftUI2-frameworks-${CONFIGURATION}-output-files.xcfilelist",
			);
			runOnlyForDeploymentPostprocessing = 0;
			shellPath = /bin/sh;
			shellScript = "\"${PODS_ROOT}/Target Support Files/Pods-Practice_SwiftUI2/Pods-Practice_SwiftUI2-frameworks.sh\"\n";
			showEnvVarsInLog = 0;
		};
		D420A2F904DF09FD5E2C12EB /* [CP] Check Pods Manifest.lock */ = {
			isa = PBXShellScriptBuildPhase;
			buildActionMask = 2147483647;
			files = (
			);
			inputFileListPaths = (
			);
			inputPaths = (
				"${PODS_PODFILE_DIR_PATH}/Podfile.lock",
				"${PODS_ROOT}/Manifest.lock",
			);
			name = "[CP] Check Pods Manifest.lock";
			outputFileListPaths = (
			);
			outputPaths = (
				"$(DERIVED_FILE_DIR)/Pods-Practice_SwiftUI2-checkManifestLockResult.txt",
			);
			runOnlyForDeploymentPostprocessing = 0;
			shellPath = /bin/sh;
			shellScript = "diff \"${PODS_PODFILE_DIR_PATH}/Podfile.lock\" \"${PODS_ROOT}/Manifest.lock\" > /dev/null\nif [ $? != 0 ] ; then\n    # print error to STDERR\n    echo \"error: The sandbox is not in sync with the Podfile.lock. Run 'pod install' or update your CocoaPods installation.\" >&2\n    exit 1\nfi\n# This output is used by Xcode 'outputs' to avoid re-running this script phase.\necho \"SUCCESS\" > \"${SCRIPT_OUTPUT_FILE_0}\"\n";
			showEnvVarsInLog = 0;
		};
/* End PBXShellScriptBuildPhase section */

/* Begin PBXSourcesBuildPhase section */
		D4A0DD4927D6DEA500F109F9 /* Sources */ = {
			isa = PBXSourcesBuildPhase;
			buildActionMask = 2147483647;
			files = (
				D4A0DD5327D6DEA500F109F9 /* ContentView.swift in Sources */,
				D4A0DD6D27D6F17500F109F9 /* UserViewModel.swift in Sources */,
				D4A0DD7227D6F54800F109F9 /* RandomUserView.swift in Sources */,
				D4A0DD6F27D6F1E700F109F9 /* ProfileImageView.swift in Sources */,
				D4A0DD5127D6DEA500F109F9 /* Practice_SwiftUI2App.swift in Sources */,
				D4A0DD6527D6EB2D00F109F9 /* UserModel.swift in Sources */,
				D4A0DD7527D722F400F109F9 /* RandomUserRouter.swift in Sources */,
			);
			runOnlyForDeploymentPostprocessing = 0;
		};
/* End PBXSourcesBuildPhase section */

/* Begin XCBuildConfiguration section */
		D4A0DD5927D6DEA700F109F9 /* Debug */ = {
			isa = XCBuildConfiguration;
			buildSettings = {
				ALWAYS_SEARCH_USER_PATHS = NO;
				CLANG_ANALYZER_NONNULL = YES;
				CLANG_ANALYZER_NUMBER_OBJECT_CONVERSION = YES_AGGRESSIVE;
				CLANG_CXX_LANGUAGE_STANDARD = "gnu++17";
				CLANG_CXX_LIBRARY = "libc++";
				CLANG_ENABLE_MODULES = YES;
				CLANG_ENABLE_OBJC_ARC = YES;
				CLANG_ENABLE_OBJC_WEAK = YES;
				CLANG_WARN_BLOCK_CAPTURE_AUTORELEASING = YES;
				CLANG_WARN_BOOL_CONVERSION = YES;
				CLANG_WARN_COMMA = YES;
				CLANG_WARN_CONSTANT_CONVERSION = YES;
				CLANG_WARN_DEPRECATED_OBJC_IMPLEMENTATIONS = YES;
				CLANG_WARN_DIRECT_OBJC_ISA_USAGE = YES_ERROR;
				CLANG_WARN_DOCUMENTATION_COMMENTS = YES;
				CLANG_WARN_EMPTY_BODY = YES;
				CLANG_WARN_ENUM_CONVERSION = YES;
				CLANG_WARN_INFINITE_RECURSION = YES;
				CLANG_WARN_INT_CONVERSION = YES;
				CLANG_WARN_NON_LITERAL_NULL_CONVERSION = YES;
				CLANG_WARN_OBJC_IMPLICIT_RETAIN_SELF = YES;
				CLANG_WARN_OBJC_LITERAL_CONVERSION = YES;
				CLANG_WARN_OBJC_ROOT_CLASS = YES_ERROR;
				CLANG_WARN_QUOTED_INCLUDE_IN_FRAMEWORK_HEADER = YES;
				CLANG_WARN_RANGE_LOOP_ANALYSIS = YES;
				CLANG_WARN_STRICT_PROTOTYPES = YES;
				CLANG_WARN_SUSPICIOUS_MOVE = YES;
				CLANG_WARN_UNGUARDED_AVAILABILITY = YES_AGGRESSIVE;
				CLANG_WARN_UNREACHABLE_CODE = YES;
				CLANG_WARN__DUPLICATE_METHOD_MATCH = YES;
				COPY_PHASE_STRIP = NO;
				DEBUG_INFORMATION_FORMAT = dwarf;
				ENABLE_STRICT_OBJC_MSGSEND = YES;
				ENABLE_TESTABILITY = YES;
				GCC_C_LANGUAGE_STANDARD = gnu11;
				GCC_DYNAMIC_NO_PIC = NO;
				GCC_NO_COMMON_BLOCKS = YES;
				GCC_OPTIMIZATION_LEVEL = 0;
				GCC_PREPROCESSOR_DEFINITIONS = (
					"DEBUG=1",
					"$(inherited)",
				);
				GCC_WARN_64_TO_32_BIT_CONVERSION = YES;
				GCC_WARN_ABOUT_RETURN_TYPE = YES_ERROR;
				GCC_WARN_UNDECLARED_SELECTOR = YES;
				GCC_WARN_UNINITIALIZED_AUTOS = YES_AGGRESSIVE;
				GCC_WARN_UNUSED_FUNCTION = YES;
				GCC_WARN_UNUSED_VARIABLE = YES;
				IPHONEOS_DEPLOYMENT_TARGET = 15.2;
				MTL_ENABLE_DEBUG_INFO = INCLUDE_SOURCE;
				MTL_FAST_MATH = YES;
				ONLY_ACTIVE_ARCH = YES;
				SDKROOT = iphoneos;
				SWIFT_ACTIVE_COMPILATION_CONDITIONS = DEBUG;
				SWIFT_OPTIMIZATION_LEVEL = "-Onone";
			};
			name = Debug;
		};
		D4A0DD5A27D6DEA700F109F9 /* Release */ = {
			isa = XCBuildConfiguration;
			buildSettings = {
				ALWAYS_SEARCH_USER_PATHS = NO;
				CLANG_ANALYZER_NONNULL = YES;
				CLANG_ANALYZER_NUMBER_OBJECT_CONVERSION = YES_AGGRESSIVE;
				CLANG_CXX_LANGUAGE_STANDARD = "gnu++17";
				CLANG_CXX_LIBRARY = "libc++";
				CLANG_ENABLE_MODULES = YES;
				CLANG_ENABLE_OBJC_ARC = YES;
				CLANG_ENABLE_OBJC_WEAK = YES;
				CLANG_WARN_BLOCK_CAPTURE_AUTORELEASING = YES;
				CLANG_WARN_BOOL_CONVERSION = YES;
				CLANG_WARN_COMMA = YES;
				CLANG_WARN_CONSTANT_CONVERSION = YES;
				CLANG_WARN_DEPRECATED_OBJC_IMPLEMENTATIONS = YES;
				CLANG_WARN_DIRECT_OBJC_ISA_USAGE = YES_ERROR;
				CLANG_WARN_DOCUMENTATION_COMMENTS = YES;
				CLANG_WARN_EMPTY_BODY = YES;
				CLANG_WARN_ENUM_CONVERSION = YES;
				CLANG_WARN_INFINITE_RECURSION = YES;
				CLANG_WARN_INT_CONVERSION = YES;
				CLANG_WARN_NON_LITERAL_NULL_CONVERSION = YES;
				CLANG_WARN_OBJC_IMPLICIT_RETAIN_SELF = YES;
				CLANG_WARN_OBJC_LITERAL_CONVERSION = YES;
				CLANG_WARN_OBJC_ROOT_CLASS = YES_ERROR;
				CLANG_WARN_QUOTED_INCLUDE_IN_FRAMEWORK_HEADER = YES;
				CLANG_WARN_RANGE_LOOP_ANALYSIS = YES;
				CLANG_WARN_STRICT_PROTOTYPES = YES;
				CLANG_WARN_SUSPICIOUS_MOVE = YES;
				CLANG_WARN_UNGUARDED_AVAILABILITY = YES_AGGRESSIVE;
				CLANG_WARN_UNREACHABLE_CODE = YES;
				CLANG_WARN__DUPLICATE_METHOD_MATCH = YES;
				COPY_PHASE_STRIP = NO;
				DEBUG_INFORMATION_FORMAT = "dwarf-with-dsym";
				ENABLE_NS_ASSERTIONS = NO;
				ENABLE_STRICT_OBJC_MSGSEND = YES;
				GCC_C_LANGUAGE_STANDARD = gnu11;
				GCC_NO_COMMON_BLOCKS = YES;
				GCC_WARN_64_TO_32_BIT_CONVERSION = YES;
				GCC_WARN_ABOUT_RETURN_TYPE = YES_ERROR;
				GCC_WARN_UNDECLARED_SELECTOR = YES;
				GCC_WARN_UNINITIALIZED_AUTOS = YES_AGGRESSIVE;
				GCC_WARN_UNUSED_FUNCTION = YES;
				GCC_WARN_UNUSED_VARIABLE = YES;
				IPHONEOS_DEPLOYMENT_TARGET = 15.2;
				MTL_ENABLE_DEBUG_INFO = NO;
				MTL_FAST_MATH = YES;
				SDKROOT = iphoneos;
				SWIFT_COMPILATION_MODE = wholemodule;
				SWIFT_OPTIMIZATION_LEVEL = "-O";
				VALIDATE_PRODUCT = YES;
			};
			name = Release;
		};
		D4A0DD5C27D6DEA700F109F9 /* Debug */ = {
			isa = XCBuildConfiguration;
			baseConfigurationReference = C9FEC42C739FCDFC81C978E5 /* Pods-Practice_SwiftUI2.debug.xcconfig */;
			buildSettings = {
				ASSETCATALOG_COMPILER_APPICON_NAME = AppIcon;
				ASSETCATALOG_COMPILER_GLOBAL_ACCENT_COLOR_NAME = AccentColor;
				CODE_SIGN_STYLE = Automatic;
				CURRENT_PROJECT_VERSION = 1;
				DEVELOPMENT_ASSET_PATHS = "\"Practice_SwiftUI2/Preview Content\"";
				DEVELOPMENT_TEAM = 547KV58FND;
				ENABLE_PREVIEWS = YES;
				GENERATE_INFOPLIST_FILE = YES;
				INFOPLIST_KEY_UIApplicationSceneManifest_Generation = YES;
				INFOPLIST_KEY_UIApplicationSupportsIndirectInputEvents = YES;
				INFOPLIST_KEY_UILaunchScreen_Generation = YES;
				INFOPLIST_KEY_UISupportedInterfaceOrientations_iPad = "UIInterfaceOrientationPortrait UIInterfaceOrientationPortraitUpsideDown UIInterfaceOrientationLandscapeLeft UIInterfaceOrientationLandscapeRight";
				INFOPLIST_KEY_UISupportedInterfaceOrientations_iPhone = "UIInterfaceOrientationPortrait UIInterfaceOrientationLandscapeLeft UIInterfaceOrientationLandscapeRight";
				LD_RUNPATH_SEARCH_PATHS = (
					"$(inherited)",
					"@executable_path/Frameworks",
				);
				MARKETING_VERSION = 1.0;
				PRODUCT_BUNDLE_IDENTIFIER = "com.Practice-SwiftUI2";
				PRODUCT_NAME = "$(TARGET_NAME)";
				SWIFT_EMIT_LOC_STRINGS = YES;
				SWIFT_VERSION = 5.0;
				TARGETED_DEVICE_FAMILY = "1,2";
			};
			name = Debug;
		};
		D4A0DD5D27D6DEA700F109F9 /* Release */ = {
			isa = XCBuildConfiguration;
			baseConfigurationReference = F91C8249008A6C4B149EEC96 /* Pods-Practice_SwiftUI2.release.xcconfig */;
			buildSettings = {
				ASSETCATALOG_COMPILER_APPICON_NAME = AppIcon;
				ASSETCATALOG_COMPILER_GLOBAL_ACCENT_COLOR_NAME = AccentColor;
				CODE_SIGN_STYLE = Automatic;
				CURRENT_PROJECT_VERSION = 1;
				DEVELOPMENT_ASSET_PATHS = "\"Practice_SwiftUI2/Preview Content\"";
				DEVELOPMENT_TEAM = 547KV58FND;
				ENABLE_PREVIEWS = YES;
				GENERATE_INFOPLIST_FILE = YES;
				INFOPLIST_KEY_UIApplicationSceneManifest_Generation = YES;
				INFOPLIST_KEY_UIApplicationSupportsIndirectInputEvents = YES;
				INFOPLIST_KEY_UILaunchScreen_Generation = YES;
				INFOPLIST_KEY_UISupportedInterfaceOrientations_iPad = "UIInterfaceOrientationPortrait UIInterfaceOrientationPortraitUpsideDown UIInterfaceOrientationLandscapeLeft UIInterfaceOrientationLandscapeRight";
				INFOPLIST_KEY_UISupportedInterfaceOrientations_iPhone = "UIInterfaceOrientationPortrait UIInterfaceOrientationLandscapeLeft UIInterfaceOrientationLandscapeRight";
				LD_RUNPATH_SEARCH_PATHS = (
					"$(inherited)",
					"@executable_path/Frameworks",
				);
				MARKETING_VERSION = 1.0;
				PRODUCT_BUNDLE_IDENTIFIER = "com.Practice-SwiftUI2";
				PRODUCT_NAME = "$(TARGET_NAME)";
				SWIFT_EMIT_LOC_STRINGS = YES;
				SWIFT_VERSION = 5.0;
				TARGETED_DEVICE_FAMILY = "1,2";
			};
			name = Release;
		};
/* End XCBuildConfiguration section */

/* Begin XCConfigurationList section */
		D4A0DD4827D6DEA500F109F9 /* Build configuration list for PBXProject "Practice_SwiftUI2" */ = {
			isa = XCConfigurationList;
			buildConfigurations = (
				D4A0DD5927D6DEA700F109F9 /* Debug */,
				D4A0DD5A27D6DEA700F109F9 /* Release */,
			);
			defaultConfigurationIsVisible = 0;
			defaultConfigurationName = Release;
		};
		D4A0DD5B27D6DEA700F109F9 /* Build configuration list for PBXNativeTarget "Practice_SwiftUI2" */ = {
			isa = XCConfigurationList;
			buildConfigurations = (
				D4A0DD5C27D6DEA700F109F9 /* Debug */,
				D4A0DD5D27D6DEA700F109F9 /* Release */,
			);
			defaultConfigurationIsVisible = 0;
			defaultConfigurationName = Release;
		};
/* End XCConfigurationList section */

/* Begin XCRemoteSwiftPackageReference section */
		D4A0DD6727D6F0ED00F109F9 /* XCRemoteSwiftPackageReference "url-image" */ = {
			isa = XCRemoteSwiftPackageReference;
			repositoryURL = "https://github.com/dmytro-anokhin/url-image";
			requirement = {
				branch = main;
				kind = branch;
			};
		};
/* End XCRemoteSwiftPackageReference section */

/* Begin XCSwiftPackageProductDependency section */
		D4A0DD6827D6F0ED00F109F9 /* URLImage */ = {
			isa = XCSwiftPackageProductDependency;
			package = D4A0DD6727D6F0ED00F109F9 /* XCRemoteSwiftPackageReference "url-image" */;
			productName = URLImage;
		};
		D4A0DD6A27D6F0ED00F109F9 /* URLImageStore */ = {
			isa = XCSwiftPackageProductDependency;
			package = D4A0DD6727D6F0ED00F109F9 /* XCRemoteSwiftPackageReference "url-image" */;
			productName = URLImageStore;
		};
/* End XCSwiftPackageProductDependency section */
	};
	rootObject = D4A0DD4527D6DEA500F109F9 /* Project object */;
}
